
Microsoft Visual Studio Solution File, Format Version 12.00
# Blend for Visual Studio Version 16
VisualStudioVersion = 16.0.29613.14
MinimumVisualStudioVersion = 10.0.40219.1
Project("{9A19103F-16F7-4668-BE54-9A1E7A4F7556}") = "Beak.App", "Beak.App\Beak.App.csproj", "{7DB29F9D-AF78-43AD-82C5-BB92919C4970}"
EndProject
Project("{2150E333-8FDC-42A3-9474-1A3956D46DE8}") = "Solution Items", "Solution Items", "{5E52AC32-E430-4625-9967-B472549B9B80}"
	ProjectSection(SolutionItems) = preProject
		.editorconfig = .editorconfig
		.gitignore = .gitignore
		README.md = README.md
	EndProjectSection
EndProject
Project("{9A19103F-16F7-4668-BE54-9A1E7A4F7556}") = "Beak.UserInterface", "Beak.UserInterface\Beak.UserInterface.csproj", "{A53A0280-6672-4DA8-B3F3-43D8DFE8F36A}"
EndProject
Project("{FAE04EC0-301F-11D3-BF4B-00C04F79EFBC}") = "Beak.Common", "Beak.Common\Beak.Common.csproj", "{DCD1F52A-6CF4-483E-94DC-5AEB7637E8F7}"
EndProject
Global
	GlobalSection(SolutionConfigurationPlatforms) = preSolution
		Debug|Any CPU = Debug|Any CPU
		Release|Any CPU = Release|Any CPU
	EndGlobalSection
	GlobalSection(ProjectConfigurationPlatforms) = postSolution
		{7DB29F9D-AF78-43AD-82C5-BB92919C4970}.Debug|Any CPU.ActiveCfg = Debug|Any CPU
		{7DB29F9D-AF78-43AD-82C5-BB92919C4970}.Debug|Any CPU.Build.0 = Debug|Any CPU
		{7DB29F9D-AF78-43AD-82C5-BB92919C4970}.Release|Any CPU.ActiveCfg = Release|Any CPU
		{7DB29F9D-AF78-43AD-82C5-BB92919C4970}.Release|Any CPU.Build.0 = Release|Any CPU
		{A53A0280-6672-4DA8-B3F3-43D8DFE8F36A}.Debug|Any CPU.ActiveCfg = Debug|Any CPU
		{A53A0280-6672-4DA8-B3F3-43D8DFE8F36A}.Debug|Any CPU.Build.0 = Debug|Any CPU
		{A53A0280-6672-4DA8-B3F3-43D8DFE8F36A}.Release|Any CPU.ActiveCfg = Release|Any CPU
		{A53A0280-6672-4DA8-B3F3-43D8DFE8F36A}.Release|Any CPU.Build.0 = Release|Any CPU
		{DCD1F52A-6CF4-483E-94DC-5AEB7637E8F7}.Debug|Any CPU.ActiveCfg = Debug|Any CPU
		{DCD1F52A-6CF4-483E-94DC-5AEB7637E8F7}.Debug|Any CPU.Build.0 = Debug|Any CPU
		{DCD1F52A-6CF4-483E-94DC-5AEB7637E8F7}.Release|Any CPU.ActiveCfg = Release|Any CPU
		{DCD1F52A-6CF4-483E-94DC-5AEB7637E8F7}.Release|Any CPU.Build.0 = Release|Any CPU
	EndGlobalSection
	GlobalSection(SolutionProperties) = preSolution
		HideSolutionNode = FALSE
	EndGlobalSection
	GlobalSection(ExtensibilityGlobals) = postSolution
		SolutionGuid = {22003DAA-B28B-4770-8804-0DCD406BD7B8}
	EndGlobalSection
EndGlobal
