github.com/Akumzy/ipc v0.0.2 h1:MT0/+YiLSAkUCNHXxqd8AlPUxTCcZM3oaS06JNRpN94=
github.com/Akumzy/ipc v0.0.2/go.mod h1:OkAjH794j4HxvBwwBVofH65pR9qHsCbiUfmI6b/lGg8=
github.com/davecgh/go-spew v1.1.0/go.mod h1:J7Y8YcW2NihsgmVo/mv3lAwl/skON4iLHjSsI+c5H38=
github.com/pmezard/go-difflib v1.0.0/go.mod h1:iKH77koFhYxTK1pcRnkKkqfTogsbg7gZNVY4sRDYZ/4=
github.com/stretchr/objx v0.1.0/go.mod h1:HFkY916IF+rwdDfMAkV7OtwuqBVzrE8GR6GFx+wExME=
github.com/stretchr/testify v1.3.0/go.mod h1:M5WIy9Dh21IEIfnGCwXGc5bZfKNJtfHm1UVUgZn+9EI=
github.com/zealic/go2node v0.1.0 h1:ofxpve08cmLJBwFdI0lPCk9jfwGWOSD+s6216x0oAaA=
github.com/zealic/go2node v0.1.0/go.mod h1:GrkFr+HctXwP7vzcU9RsgtAeJjTQ6Ud0IPCQAqpTfBg=
